
Microsoft Visual Studio Solution File, Format Version 12.00
# Visual Studio Version 18
VisualStudioVersion = 18.4.11626.88 stable
MinimumVisualStudioVersion = 10.0.40219.1
Project("{FAE04EC0-301F-11D3-BF4B-00C04F79EFBC}") = "Mist452SmithMayka", "Mist452SmithMayka.csproj", "{87A53873-34B1-3D63-EDED-F6AFCA76597F}"
EndProject
Global
	GlobalSection(SolutionConfigurationPlatforms) = preSolution
		Debug|Any CPU = Debug|Any CPU
		Release|Any CPU = Release|Any CPU
	EndGlobalSection
	GlobalSection(ProjectConfigurationPlatforms) = postSolution
		{87A53873-34B1-3D63-EDED-F6AFCA76597F}.Debug|Any CPU.ActiveCfg = Debug|Any CPU
		{87A53873-34B1-3D63-EDED-F6AFCA76597F}.Debug|Any CPU.Build.0 = Debug|Any CPU
		{87A53873-34B1-3D63-EDED-F6AFCA76597F}.Release|Any CPU.ActiveCfg = Release|Any CPU
		{87A53873-34B1-3D63-EDED-F6AFCA76597F}.Release|Any CPU.Build.0 = Release|Any CPU
	EndGlobalSection
	GlobalSection(SolutionProperties) = preSolution
		HideSolutionNode = FALSE
	EndGlobalSection
	GlobalSection(ExtensibilityGlobals) = postSolution
		SolutionGuid = {1DFBE464-867F-4A8F-8D18-48FD707FEA24}
	EndGlobalSection
EndGlobal
